Microsoft Visual Studio Solution File, Format Version 12.00
# Visual Studio Version 17
VisualStudioVersion = 17.5.2.0
MinimumVisualStudioVersion = 10.0.40219.1
Project("{FAE04EC0-301F-11D3-BF4B-00C04F79EFBC}") = "Recuperatori1", "Recuperatori1.csproj", "{8077ABA3-8636-58B1-A7D8-78D03B24FE70}"
EndProject
Global
	GlobalSection(SolutionConfigurationPlatforms) = preSolution
		Debug|Any CPU = Debug|Any CPU
		Release|Any CPU = Release|Any CPU
	EndGlobalSection
	GlobalSection(ProjectConfigurationPlatforms) = postSolution
		{8077ABA3-8636-58B1-A7D8-78D03B24FE70}.Debug|Any CPU.ActiveCfg = Debug|Any CPU
		{8077ABA3-8636-58B1-A7D8-78D03B24FE70}.Debug|Any CPU.Build.0 = Debug|Any CPU
		{8077ABA3-8636-58B1-A7D8-78D03B24FE70}.Release|Any CPU.ActiveCfg = Release|Any CPU
		{8077ABA3-8636-58B1-A7D8-78D03B24FE70}.Release|Any CPU.Build.0 = Release|Any CPU
	EndGlobalSection
	GlobalSection(SolutionProperties) = preSolution
		HideSolutionNode = FALSE
	EndGlobalSection
	GlobalSection(ExtensibilityGlobals) = postSolution
		SolutionGuid = {42FD6038-C0AC-4985-A5B2-30DD65476083}
	EndGlobalSection
EndGlobal
